
Microsoft Visual Studio Solution File, Format Version 12.00
# Visual Studio 15
VisualStudioVersion = 15.0.28010.2046
MinimumVisualStudioVersion = 10.0.40219.1
Project("{FAE04EC0-301F-11D3-BF4B-00C04F79EFBC}") = "Uwp", "Uwp\Uwp.csproj", "{D7598945-1F4B-464B-AF1F-8557CD95FB5F}"
EndProject
Project("{FAE04EC0-301F-11D3-BF4B-00C04F79EFBC}") = "Shared", "Shared\Shared.csproj", "{354779CF-D352-421F-936E-92E0FD7EF078}"
EndProject
Global
	GlobalSection(SolutionConfigurationPlatforms) = preSolution
		Debug|Any CPU = Debug|Any CPU
		Debug|ARM = Debug|ARM
		Debug|x64 = Debug|x64
		Debug|x86 = Debug|x86
		Release|Any CPU = Release|Any CPU
		Release|ARM = Release|ARM
		Release|x64 = Release|x64
		Release|x86 = Release|x86
	EndGlobalSection
	GlobalSection(ProjectConfigurationPlatforms) = postSolution
		{D7598945-1F4B-464B-AF1F-8557CD95FB5F}.Debug|Any CPU.ActiveCfg = Debug|x86
		{D7598945-1F4B-464B-AF1F-8557CD95FB5F}.Debug|ARM.ActiveCfg = Debug|ARM
		{D7598945-1F4B-464B-AF1F-8557CD95FB5F}.Debug|ARM.Build.0 = Debug|ARM
		{D7598945-1F4B-464B-AF1F-8557CD95FB5F}.Debug|ARM.Deploy.0 = Debug|ARM
		{D7598945-1F4B-464B-AF1F-8557CD95FB5F}.Debug|x64.ActiveCfg = Debug|x64
		{D7598945-1F4B-464B-AF1F-8557CD95FB5F}.Debug|x64.Build.0 = Debug|x64
		{D7598945-1F4B-464B-AF1F-8557CD95FB5F}.Debug|x64.Deploy.0 = Debug|x64
		{D7598945-1F4B-464B-AF1F-8557CD95FB5F}.Debug|x86.ActiveCfg = Debug|x86
		{D7598945-1F4B-464B-AF1F-8557CD95FB5F}.Debug|x86.Build.0 = Debug|x86
		{D7598945-1F4B-464B-AF1F-8557CD95FB5F}.Debug|x86.Deploy.0 = Debug|x86
		{D7598945-1F4B-464B-AF1F-8557CD95FB5F}.Release|Any CPU.ActiveCfg = Release|x86
		{D7598945-1F4B-464B-AF1F-8557CD95FB5F}.Release|ARM.ActiveCfg = Release|ARM
		{D7598945-1F4B-464B-AF1F-8557CD95FB5F}.Release|ARM.Build.0 = Release|ARM
		{D7598945-1F4B-464B-AF1F-8557CD95FB5F}.Release|ARM.Deploy.0 = Release|ARM
		{D7598945-1F4B-464B-AF1F-8557CD95FB5F}.Release|x64.ActiveCfg = Release|x64
		{D7598945-1F4B-464B-AF1F-8557CD95FB5F}.Release|x64.Build.0 = Release|x64
		{D7598945-1F4B-464B-AF1F-8557CD95FB5F}.Release|x64.Deploy.0 = Release|x64
		{D7598945-1F4B-464B-AF1F-8557CD95FB5F}.Release|x86.ActiveCfg = Release|x86
		{D7598945-1F4B-464B-AF1F-8557CD95FB5F}.Release|x86.Build.0 = Release|x86
		{D7598945-1F4B-464B-AF1F-8557CD95FB5F}.Release|x86.Deploy.0 = Release|x86
		{354779CF-D352-421F-936E-92E0FD7EF078}.Debug|Any CPU.ActiveCfg = Debug|Any CPU
		{354779CF-D352-421F-936E-92E0FD7EF078}.Debug|Any CPU.Build.0 = Debug|Any CPU
		{354779CF-D352-421F-936E-92E0FD7EF078}.Debug|ARM.ActiveCfg = Debug|Any CPU
		{354779CF-D352-421F-936E-92E0FD7EF078}.Debug|ARM.Build.0 = Debug|Any CPU
		{354779CF-D352-421F-936E-92E0FD7EF078}.Debug|x64.ActiveCfg = Debug|Any CPU
		{354779CF-D352-421F-936E-92E0FD7EF078}.Debug|x64.Build.0 = Debug|Any CPU
		{354779CF-D352-421F-936E-92E0FD7EF078}.Debug|x86.ActiveCfg = Debug|Any CPU
		{354779CF-D352-421F-936E-92E0FD7EF078}.Debug|x86.Build.0 = Debug|Any CPU
		{354779CF-D352-421F-936E-92E0FD7EF078}.Release|Any CPU.ActiveCfg = Release|Any CPU
		{354779CF-D352-421F-936E-92E0FD7EF078}.Release|Any CPU.Build.0 = Release|Any CPU
		{354779CF-D352-421F-936E-92E0FD7EF078}.Release|ARM.ActiveCfg = Release|Any CPU
		{354779CF-D352-421F-936E-92E0FD7EF078}.Release|ARM.Build.0 = Release|Any CPU
		{354779CF-D352-421F-936E-92E0FD7EF078}.Release|x64.ActiveCfg = Release|Any CPU
		{354779CF-D352-421F-936E-92E0FD7EF078}.Release|x64.Build.0 = Release|Any CPU
		{354779CF-D352-421F-936E-92E0FD7EF078}.Release|x86.ActiveCfg = Release|Any CPU
		{354779CF-D352-421F-936E-92E0FD7EF078}.Release|x86.Build.0 = Release|Any CPU
	EndGlobalSection
	GlobalSection(SolutionProperties) = preSolution
		HideSolutionNode = FALSE
	EndGlobalSection
	GlobalSection(ExtensibilityGlobals) = postSolution
		SolutionGuid = {58AF5958-08A7-446D-B352-8E4110D0D3D8}
	EndGlobalSection
EndGlobal
